// !$*UTF8*$!
{
	archiveVersion = 1;
	classes = {
	};
	objectVersion = 46;
	objects = {

/* Begin PBXBuildFile section */
		70A7348EE5EA4986B1A5FCC9 /* libPods-Tests.a in Frameworks */ = {isa = PBXBuildFile; fileRef = DA019E918D2A46239684F64B /* libPods-Tests.a */; };
		AD744F3F15CD3D6F004B875B /* DXKVOHandler.m in Sources */ = {isa = PBXBuildFile; fileRef = AD744F3E15CD3D6F004B875B /* DXKVOHandler.m */; };
		AD744F4015CD3D6F004B875B /* DXKVOHandler.m in Sources */ = {isa = PBXBuildFile; fileRef = AD744F3E15CD3D6F004B875B /* DXKVOHandler.m */; };
		AD744F4315CD3D7B004B875B /* NSObject+DXKVO.m in Sources */ = {isa = PBXBuildFile; fileRef = AD744F4215CD3D7B004B875B /* NSObject+DXKVO.m */; };
		AD744F4415CD3D7B004B875B /* NSObject+DXKVO.m in Sources */ = {isa = PBXBuildFile; fileRef = AD744F4215CD3D7B004B875B /* NSObject+DXKVO.m */; };
		AD80969815CC1299004BE9EC /* Foundation.framework in Frameworks */ = {isa = PBXBuildFile; fileRef = AD8FF66115CBF53500BFB572 /* Foundation.framework */; };
		AD8096A015CC1299004BE9EC /* InfoPlist.strings in Resources */ = {isa = PBXBuildFile; fileRef = AD80969E15CC1299004BE9EC /* InfoPlist.strings */; };
		AD8096A215CC1299004BE9EC /* main.m in Sources */ = {isa = PBXBuildFile; fileRef = AD8096A115CC1299004BE9EC /* main.m */; };
		AD8096B615CC1318004BE9EC /* DXSingletonHolder.m in Sources */ = {isa = PBXBuildFile; fileRef = AD8FF67A15CBF6DA00BFB572 /* DXSingletonHolder.m */; };
		AD8096B815CC131B004BE9EC /* NSObject+DXSingleton.m in Sources */ = {isa = PBXBuildFile; fileRef = AD8FF67715CBF5EB00BFB572 /* NSObject+DXSingleton.m */; };
		AD8FF66215CBF53500BFB572 /* Foundation.framework in Frameworks */ = {isa = PBXBuildFile; fileRef = AD8FF66115CBF53500BFB572 /* Foundation.framework */; };
		AD8FF67815CBF5EB00BFB572 /* NSObject+DXSingleton.m in Sources */ = {isa = PBXBuildFile; fileRef = AD8FF67715CBF5EB00BFB572 /* NSObject+DXSingleton.m */; };
		AD8FF67B15CBF6DA00BFB572 /* DXSingletonHolder.m in Sources */ = {isa = PBXBuildFile; fileRef = AD8FF67A15CBF6DA00BFB572 /* DXSingletonHolder.m */; };
		BC409D00170ED9D5002D6F63 /* DXFoundationDefines.m in Sources */ = {isa = PBXBuildFile; fileRef = BC409CFF170ED9D5002D6F63 /* DXFoundationDefines.m */; };
		BC409D01170ED9D5002D6F63 /* DXFoundationDefines.m in Sources */ = {isa = PBXBuildFile; fileRef = BC409CFF170ED9D5002D6F63 /* DXFoundationDefines.m */; };
		BC54312016022A0900636164 /* DXDateFormatter.m in Sources */ = {isa = PBXBuildFile; fileRef = BC54311F16022A0900636164 /* DXDateFormatter.m */; };
		BC54312416022E6600636164 /* DXNumberFormatter.m in Sources */ = {isa = PBXBuildFile; fileRef = BC54312316022E6600636164 /* DXNumberFormatter.m */; };
		BC58A96C162DB9EF0049DF7E /* DXFileManager.m in Sources */ = {isa = PBXBuildFile; fileRef = BC58A96B162DB9EF0049DF7E /* DXFileManager.m */; };
		BCCE19C516031941003D3D7D /* DXCalendar.m in Sources */ = {isa = PBXBuildFile; fileRef = BCCE19C416031941003D3D7D /* DXCalendar.m */; };
		BCD1A03616AFDDEC0024FE21 /* SenTestingKit.framework in Frameworks */ = {isa = PBXBuildFile; fileRef = BCD1A03516AFDDEC0024FE21 /* SenTestingKit.framework */; };
		BCD1A03816AFDDEC0024FE21 /* UIKit.framework in Frameworks */ = {isa = PBXBuildFile; fileRef = BCD1A03716AFDDEC0024FE21 /* UIKit.framework */; };
		BCD1A03916AFDDEC0024FE21 /* Foundation.framework in Frameworks */ = {isa = PBXBuildFile; fileRef = AD8FF66115CBF53500BFB572 /* Foundation.framework */; };
		BCD1A03F16AFDDEC0024FE21 /* InfoPlist.strings in Resources */ = {isa = PBXBuildFile; fileRef = BCD1A03D16AFDDEC0024FE21 /* InfoPlist.strings */; };
		BCD1A04216AFDDEC0024FE21 /* KiwiUnitTests.m in Sources */ = {isa = PBXBuildFile; fileRef = BCD1A04116AFDDEC0024FE21 /* KiwiUnitTests.m */; };
		BCD1A04716AFDE400024FE21 /* DXDateFormatterSpec.mm in Sources */ = {isa = PBXBuildFile; fileRef = BCD1A02B16AFDB2E0024FE21 /* DXDateFormatterSpec.mm */; };
		BCD1A04816AFDE430024FE21 /* DXVKOSpec.mm in Sources */ = {isa = PBXBuildFile; fileRef = AD744F4515CD3E04004B875B /* DXVKOSpec.mm */; };
		BCD1A04916AFDE460024FE21 /* DXSingletoneSpec.mm in Sources */ = {isa = PBXBuildFile; fileRef = AD8096BA15CC137B004BE9EC /* DXSingletoneSpec.mm */; };
		CDDF8CEF7525476A9A37DBF4 /* libPods-KiwiUnitTest.a in Frameworks */ = {isa = PBXBuildFile; fileRef = 9AAF48715A194223858A4D6A /* libPods-KiwiUnitTest.a */; };
/* End PBXBuildFile section */

/* Begin PBXCopyFilesBuildPhase section */
		AD8FF65C15CBF53500BFB572 /* CopyFiles */ = {
			isa = PBXCopyFilesBuildPhase;
			buildActionMask = 2147483647;
			dstPath = "include/${PRODUCT_NAME}";
			dstSubfolderSpec = 16;
			files = (
			);
			runOnlyForDeploymentPostprocessing = 0;
		};
/* End PBXCopyFilesBuildPhase section */

/* Begin PBXFileReference section */
		392ADA2DA9C84CB2B1F3F58D /* Pods-Tests.xcconfig */ = {isa = PBXFileReference; includeInIndex = 1; lastKnownFileType = text.xcconfig; name = "Pods-Tests.xcconfig"; path = "Pods/Pods-Tests.xcconfig"; sourceTree = SOURCE_ROOT; };
		9AAF48715A194223858A4D6A /* libPods-KiwiUnitTest.a */ = {isa = PBXFileReference; explicitFileType = archive.ar; includeInIndex = 0; path = "libPods-KiwiUnitTest.a"; sourceTree = BUILT_PRODUCTS_DIR; };
		AD744F3D15CD3D6F004B875B /* DXKVOHandler.h */ = {isa = PBXFileReference; fileEncoding = 4; lastKnownFileType = sourcecode.c.h; path = DXKVOHandler.h; sourceTree = "<group>"; };
		AD744F3E15CD3D6F004B875B /* DXKVOHandler.m */ = {isa = PBXFileReference; fileEncoding = 4; lastKnownFileType = sourcecode.c.objc; path = DXKVOHandler.m; sourceTree = "<group>"; };
		AD744F4115CD3D7B004B875B /* NSObject+DXKVO.h */ = {isa = PBXFileReference; fileEncoding = 4; lastKnownFileType = sourcecode.c.h; path = "NSObject+DXKVO.h"; sourceTree = "<group>"; };
		AD744F4215CD3D7B004B875B /* NSObject+DXKVO.m */ = {isa = PBXFileReference; fileEncoding = 4; lastKnownFileType = sourcecode.c.objc; path = "NSObject+DXKVO.m"; sourceTree = "<group>"; };
		AD744F4515CD3E04004B875B /* DXVKOSpec.mm */ = {isa = PBXFileReference; fileEncoding = 4; lastKnownFileType = sourcecode.cpp.objcpp; path = DXVKOSpec.mm; sourceTree = "<group>"; };
		AD80969415CC1299004BE9EC /* Tests.app */ = {isa = PBXFileReference; explicitFileType = wrapper.application; includeInIndex = 0; path = Tests.app; sourceTree = BUILT_PRODUCTS_DIR; };
		AD80969D15CC1299004BE9EC /* Tests-Info.plist */ = {isa = PBXFileReference; lastKnownFileType = text.plist.xml; path = "Tests-Info.plist"; sourceTree = "<group>"; };
		AD80969F15CC1299004BE9EC /* en */ = {isa = PBXFileReference; lastKnownFileType = text.plist.strings; name = en; path = en.lproj/InfoPlist.strings; sourceTree = "<group>"; };
		AD8096A115CC1299004BE9EC /* main.m */ = {isa = PBXFileReference; lastKnownFileType = sourcecode.c.objc; path = main.m; sourceTree = "<group>"; };
		AD8096A315CC1299004BE9EC /* Tests-Prefix.pch */ = {isa = PBXFileReference; lastKnownFileType = sourcecode.c.h; path = "Tests-Prefix.pch"; sourceTree = "<group>"; };
		AD8096BA15CC137B004BE9EC /* DXSingletoneSpec.mm */ = {isa = PBXFileReference; fileEncoding = 4; lastKnownFileType = sourcecode.cpp.objcpp; path = DXSingletoneSpec.mm; sourceTree = "<group>"; };
		AD8FF65E15CBF53500BFB572 /* libDXFoundation.a */ = {isa = PBXFileReference; explicitFileType = archive.ar; includeInIndex = 0; path = libDXFoundation.a; sourceTree = BUILT_PRODUCTS_DIR; };
		AD8FF66115CBF53500BFB572 /* Foundation.framework */ = {isa = PBXFileReference; includeInIndex = 1; lastKnownFileType = wrapper.framework; name = Foundation.framework; path = System/Library/Frameworks/Foundation.framework; sourceTree = SDKROOT; };
		AD8FF66515CBF53500BFB572 /* DXFoundation-Prefix.pch */ = {isa = PBXFileReference; lastKnownFileType = sourcecode.c.h; path = "DXFoundation-Prefix.pch"; sourceTree = "<group>"; };
		AD8FF67015CBF55E00BFB572 /* DXSingleton.h */ = {isa = PBXFileReference; fileEncoding = 4; lastKnownFileType = sourcecode.c.h; path = DXSingleton.h; sourceTree = "<group>"; };
		AD8FF67715CBF5EB00BFB572 /* NSObject+DXSingleton.m */ = {isa = PBXFileReference; fileEncoding = 4; lastKnownFileType = sourcecode.c.objc; path = "NSObject+DXSingleton.m"; sourceTree = "<group>"; };
		AD8FF67915CBF6DA00BFB572 /* DXSingletonHolder.h */ = {isa = PBXFileReference; fileEncoding = 4; lastKnownFileType = sourcecode.c.h; path = DXSingletonHolder.h; sourceTree = "<group>"; };
		AD8FF67A15CBF6DA00BFB572 /* DXSingletonHolder.m */ = {isa = PBXFileReference; fileEncoding = 4; lastKnownFileType = sourcecode.c.objc; path = DXSingletonHolder.m; sourceTree = "<group>"; };
		BC409CFD170ED9B2002D6F63 /* DXFoundation.h */ = {isa = PBXFileReference; fileEncoding = 4; lastKnownFileType = sourcecode.c.h; path = DXFoundation.h; sourceTree = "<group>"; };
		BC409CFE170ED9D5002D6F63 /* DXFoundationDefines.h */ = {isa = PBXFileReference; fileEncoding = 4; lastKnownFileType = sourcecode.c.h; path = DXFoundationDefines.h; sourceTree = "<group>"; };
		BC409CFF170ED9D5002D6F63 /* DXFoundationDefines.m */ = {isa = PBXFileReference; fileEncoding = 4; lastKnownFileType = sourcecode.c.objc; path = DXFoundationDefines.m; sourceTree = "<group>"; };
		BC54311E16022A0900636164 /* DXDateFormatter.h */ = {isa = PBXFileReference; fileEncoding = 4; lastKnownFileType = sourcecode.c.h; path = DXDateFormatter.h; sourceTree = "<group>"; };
		BC54311F16022A0900636164 /* DXDateFormatter.m */ = {isa = PBXFileReference; fileEncoding = 4; lastKnownFileType = sourcecode.c.objc; path = DXDateFormatter.m; sourceTree = "<group>"; };
		BC54312216022E6600636164 /* DXNumberFormatter.h */ = {isa = PBXFileReference; fileEncoding = 4; lastKnownFileType = sourcecode.c.h; path = DXNumberFormatter.h; sourceTree = "<group>"; };
		BC54312316022E6600636164 /* DXNumberFormatter.m */ = {isa = PBXFileReference; fileEncoding = 4; lastKnownFileType = sourcecode.c.objc; path = DXNumberFormatter.m; sourceTree = "<group>"; };
		BC58A96A162DB9EF0049DF7E /* DXFileManager.h */ = {isa = PBXFileReference; fileEncoding = 4; lastKnownFileType = sourcecode.c.h; path = DXFileManager.h; sourceTree = "<group>"; };
		BC58A96B162DB9EF0049DF7E /* DXFileManager.m */ = {isa = PBXFileReference; fileEncoding = 4; lastKnownFileType = sourcecode.c.objc; path = DXFileManager.m; sourceTree = "<group>"; };
		BCCE19C416031941003D3D7D /* DXCalendar.m */ = {isa = PBXFileReference; fileEncoding = 4; lastKnownFileType = sourcecode.c.objc; path = DXCalendar.m; sourceTree = "<group>"; };
		BCCE19C616031949003D3D7D /* DXCalendar.h */ = {isa = PBXFileReference; fileEncoding = 4; lastKnownFileType = sourcecode.c.h; path = DXCalendar.h; sourceTree = "<group>"; };
		BCD1A02B16AFDB2E0024FE21 /* DXDateFormatterSpec.mm */ = {isa = PBXFileReference; fileEncoding = 4; lastKnownFileType = sourcecode.cpp.objcpp; path = DXDateFormatterSpec.mm; sourceTree = "<group>"; };
		BCD1A03416AFDDEC0024FE21 /* KiwiUnitTest.octest */ = {isa = PBXFileReference; explicitFileType = wrapper.cfbundle; includeInIndex = 0; path = KiwiUnitTest.octest; sourceTree = BUILT_PRODUCTS_DIR; };
		BCD1A03516AFDDEC0024FE21 /* SenTestingKit.framework */ = {isa = PBXFileReference; includeInIndex = 1; lastKnownFileType = wrapper.framework; name = SenTestingKit.framework; path = Library/Frameworks/SenTestingKit.framework; sourceTree = DEVELOPER_DIR; };
		BCD1A03716AFDDEC0024FE21 /* UIKit.framework */ = {isa = PBXFileReference; includeInIndex = 1; lastKnownFileType = wrapper.framework; name = UIKit.framework; path = Library/Frameworks/UIKit.framework; sourceTree = DEVELOPER_DIR; };
		BCD1A03C16AFDDEC0024FE21 /* KiwiUnitTests-Info.plist */ = {isa = PBXFileReference; lastKnownFileType = text.plist.xml; path = "KiwiUnitTests-Info.plist"; sourceTree = "<group>"; };
		BCD1A03E16AFDDEC0024FE21 /* en */ = {isa = PBXFileReference; lastKnownFileType = text.plist.strings; name = en; path = en.lproj/InfoPlist.strings; sourceTree = "<group>"; };
		BCD1A04016AFDDEC0024FE21 /* KiwiUnitTests.h */ = {isa = PBXFileReference; lastKnownFileType = sourcecode.c.h; path = KiwiUnitTests.h; sourceTree = "<group>"; };
		BCD1A04116AFDDEC0024FE21 /* KiwiUnitTests.m */ = {isa = PBXFileReference; lastKnownFileType = sourcecode.c.objc; path = KiwiUnitTests.m; sourceTree = "<group>"; };
		BCD1A04316AFDDEC0024FE21 /* KiwiUnitTests-Prefix.pch */ = {isa = PBXFileReference; lastKnownFileType = sourcecode.c.h; path = "KiwiUnitTests-Prefix.pch"; sourceTree = "<group>"; };
		D184D0B83B904695B3D98009 /* Pods-KiwiUnitTest.xcconfig */ = {isa = PBXFileReference; includeInIndex = 1; lastKnownFileType = text.xcconfig; name = "Pods-KiwiUnitTest.xcconfig"; path = "Pods/Pods-KiwiUnitTest.xcconfig"; sourceTree = SOURCE_ROOT; };
		DA019E918D2A46239684F64B /* libPods-Tests.a */ = {isa = PBXFileReference; explicitFileType = archive.ar; includeInIndex = 0; path = "libPods-Tests.a"; sourceTree = BUILT_PRODUCTS_DIR; };
/* End PBXFileReference section */

/* Begin PBXFrameworksBuildPhase section */
		AD80969115CC1299004BE9EC /* Frameworks */ = {
			isa = PBXFrameworksBuildPhase;
			buildActionMask = 2147483647;
			files = (
				AD80969815CC1299004BE9EC /* Foundation.framework in Frameworks */,
				70A7348EE5EA4986B1A5FCC9 /* libPods-Tests.a in Frameworks */,
			);
			runOnlyForDeploymentPostprocessing = 0;
		};
		AD8FF65B15CBF53500BFB572 /* Frameworks */ = {
			isa = PBXFrameworksBuildPhase;
			buildActionMask = 2147483647;
			files = (
				AD8FF66215CBF53500BFB572 /* Foundation.framework in Frameworks */,
			);
			runOnlyForDeploymentPostprocessing = 0;
		};
		BCD1A03016AFDDEC0024FE21 /* Frameworks */ = {
			isa = PBXFrameworksBuildPhase;
			buildActionMask = 2147483647;
			files = (
				BCD1A03616AFDDEC0024FE21 /* SenTestingKit.framework in Frameworks */,
				BCD1A03816AFDDEC0024FE21 /* UIKit.framework in Frameworks */,
				BCD1A03916AFDDEC0024FE21 /* Foundation.framework in Frameworks */,
				CDDF8CEF7525476A9A37DBF4 /* libPods-KiwiUnitTest.a in Frameworks */,
			);
			runOnlyForDeploymentPostprocessing = 0;
		};
/* End PBXFrameworksBuildPhase section */

/* Begin PBXGroup section */
		AD744F3B15CD3D38004B875B /* DXKVO */ = {
			isa = PBXGroup;
			children = (
				AD744F3D15CD3D6F004B875B /* DXKVOHandler.h */,
				AD744F3E15CD3D6F004B875B /* DXKVOHandler.m */,
				AD744F4115CD3D7B004B875B /* NSObject+DXKVO.h */,
				AD744F4215CD3D7B004B875B /* NSObject+DXKVO.m */,
			);
			path = DXKVO;
			sourceTree = "<group>";
		};
		AD80969B15CC1299004BE9EC /* Tests */ = {
			isa = PBXGroup;
			children = (
				AD8096BC15CC13A8004BE9EC /* TestExamples */,
				AD8096B915CC1368004BE9EC /* Specs */,
				AD80969C15CC1299004BE9EC /* Supporting Files */,
			);
			path = Tests;
			sourceTree = "<group>";
		};
		AD80969C15CC1299004BE9EC /* Supporting Files */ = {
			isa = PBXGroup;
			children = (
				AD80969D15CC1299004BE9EC /* Tests-Info.plist */,
				AD80969E15CC1299004BE9EC /* InfoPlist.strings */,
				AD8096A115CC1299004BE9EC /* main.m */,
				AD8096A315CC1299004BE9EC /* Tests-Prefix.pch */,
			);
			name = "Supporting Files";
			sourceTree = "<group>";
		};
		AD8096B915CC1368004BE9EC /* Specs */ = {
			isa = PBXGroup;
			children = (
				AD8096BA15CC137B004BE9EC /* DXSingletoneSpec.mm */,
				AD744F4515CD3E04004B875B /* DXVKOSpec.mm */,
				BCD1A02B16AFDB2E0024FE21 /* DXDateFormatterSpec.mm */,
			);
			path = Specs;
			sourceTree = "<group>";
		};
		AD8096BC15CC13A8004BE9EC /* TestExamples */ = {
			isa = PBXGroup;
			children = (
			);
			path = TestExamples;
			sourceTree = "<group>";
		};
		AD8FF65315CBF53500BFB572 = {
			isa = PBXGroup;
			children = (
				AD8FF66315CBF53500BFB572 /* DXFoundation */,
				AD80969B15CC1299004BE9EC /* Tests */,
				BCD1A03A16AFDDEC0024FE21 /* KiwiUnitTests */,
				AD8FF66015CBF53500BFB572 /* Frameworks */,
				AD8FF65F15CBF53500BFB572 /* Products */,
				392ADA2DA9C84CB2B1F3F58D /* Pods-Tests.xcconfig */,
				D184D0B83B904695B3D98009 /* Pods-KiwiUnitTest.xcconfig */,
			);
			sourceTree = "<group>";
		};
		AD8FF65F15CBF53500BFB572 /* Products */ = {
			isa = PBXGroup;
			children = (
				AD8FF65E15CBF53500BFB572 /* libDXFoundation.a */,
				AD80969415CC1299004BE9EC /* Tests.app */,
				BCD1A03416AFDDEC0024FE21 /* KiwiUnitTest.octest */,
			);
			name = Products;
			sourceTree = "<group>";
		};
		AD8FF66015CBF53500BFB572 /* Frameworks */ = {
			isa = PBXGroup;
			children = (
				AD8FF66115CBF53500BFB572 /* Foundation.framework */,
				DA019E918D2A46239684F64B /* libPods-Tests.a */,
				BCD1A03516AFDDEC0024FE21 /* SenTestingKit.framework */,
				BCD1A03716AFDDEC0024FE21 /* UIKit.framework */,
				9AAF48715A194223858A4D6A /* libPods-KiwiUnitTest.a */,
			);
			name = Frameworks;
			sourceTree = "<group>";
		};
		AD8FF66315CBF53500BFB572 /* DXFoundation */ = {
			isa = PBXGroup;
			children = (
				BC409CFC170ED9B2002D6F63 /* DXFoundationBase */,
				BC58A968162DB9DD0049DF7E /* DXFileManager */,
				BCCE19C21603192B003D3D7D /* DXCalendar */,
				BC54312116022E4700636164 /* DXNumberFormatter */,
				BC54311C160229EE00636164 /* DXDateFormatter */,
				AD744F3B15CD3D38004B875B /* DXKVO */,
				AD8FF66F15CBF54700BFB572 /* DXSingleton */,
				AD8FF66415CBF53500BFB572 /* Supporting Files */,
			);
			path = DXFoundation;
			sourceTree = "<group>";
		};
		AD8FF66415CBF53500BFB572 /* Supporting Files */ = {
			isa = PBXGroup;
			children = (
				AD8FF66515CBF53500BFB572 /* DXFoundation-Prefix.pch */,
			);
			name = "Supporting Files";
			sourceTree = "<group>";
		};
		AD8FF66F15CBF54700BFB572 /* DXSingleton */ = {
			isa = PBXGroup;
			children = (
				AD8FF67015CBF55E00BFB572 /* DXSingleton.h */,
				AD8FF67715CBF5EB00BFB572 /* NSObject+DXSingleton.m */,
				AD8FF67915CBF6DA00BFB572 /* DXSingletonHolder.h */,
				AD8FF67A15CBF6DA00BFB572 /* DXSingletonHolder.m */,
			);
			path = DXSingleton;
			sourceTree = "<group>";
		};
		BC409CFC170ED9B2002D6F63 /* DXFoundationBase */ = {
			isa = PBXGroup;
			children = (
				BC409CFD170ED9B2002D6F63 /* DXFoundation.h */,
				BC409CFE170ED9D5002D6F63 /* DXFoundationDefines.h */,
				BC409CFF170ED9D5002D6F63 /* DXFoundationDefines.m */,
			);
			path = DXFoundationBase;
			sourceTree = "<group>";
		};
		BC54311C160229EE00636164 /* DXDateFormatter */ = {
			isa = PBXGroup;
			children = (
				BC54311E16022A0900636164 /* DXDateFormatter.h */,
				BC54311F16022A0900636164 /* DXDateFormatter.m */,
			);
			path = DXDateFormatter;
			sourceTree = "<group>";
		};
		BC54312116022E4700636164 /* DXNumberFormatter */ = {
			isa = PBXGroup;
			children = (
				BC54312216022E6600636164 /* DXNumberFormatter.h */,
				BC54312316022E6600636164 /* DXNumberFormatter.m */,
			);
			path = DXNumberFormatter;
			sourceTree = "<group>";
		};
		BC58A968162DB9DD0049DF7E /* DXFileManager */ = {
			isa = PBXGroup;
			children = (
				BC58A96A162DB9EF0049DF7E /* DXFileManager.h */,
				BC58A96B162DB9EF0049DF7E /* DXFileManager.m */,
			);
			path = DXFileManager;
			sourceTree = "<group>";
		};
		BCCE19C21603192B003D3D7D /* DXCalendar */ = {
			isa = PBXGroup;
			children = (
				BCCE19C616031949003D3D7D /* DXCalendar.h */,
				BCCE19C416031941003D3D7D /* DXCalendar.m */,
			);
			path = DXCalendar;
			sourceTree = "<group>";
		};
		BCD1A03A16AFDDEC0024FE21 /* KiwiUnitTests */ = {
			isa = PBXGroup;
			children = (
				BCD1A04016AFDDEC0024FE21 /* KiwiUnitTests.h */,
				BCD1A04116AFDDEC0024FE21 /* KiwiUnitTests.m */,
				BCD1A03B16AFDDEC0024FE21 /* Supporting Files */,
			);
			path = KiwiUnitTests;
			sourceTree = "<group>";
		};
		BCD1A03B16AFDDEC0024FE21 /* Supporting Files */ = {
			isa = PBXGroup;
			children = (
				BCD1A03C16AFDDEC0024FE21 /* KiwiUnitTests-Info.plist */,
				BCD1A03D16AFDDEC0024FE21 /* InfoPlist.strings */,
				BCD1A04316AFDDEC0024FE21 /* KiwiUnitTests-Prefix.pch */,
			);
			name = "Supporting Files";
			sourceTree = "<group>";
		};
/* End PBXGroup section */

/* Begin PBXNativeTarget section */
		AD80969315CC1299004BE9EC /* Tests */ = {
			isa = PBXNativeTarget;
			buildConfigurationList = AD8096A915CC1299004BE9EC /* Build configuration list for PBXNativeTarget "Tests" */;
			buildPhases = (
				AD80969015CC1299004BE9EC /* Sources */,
				AD80969115CC1299004BE9EC /* Frameworks */,
				AD80969215CC1299004BE9EC /* Resources */,
				3627ECDEE2FF438E9FE2FD01 /* Copy Pods Resources */,
			);
			buildRules = (
			);
			dependencies = (
			);
			name = Tests;
			productName = Tests;
			productReference = AD80969415CC1299004BE9EC /* Tests.app */;
			productType = "com.apple.product-type.application";
		};
		AD8FF65D15CBF53500BFB572 /* DXFoundation */ = {
			isa = PBXNativeTarget;
			buildConfigurationList = AD8FF66C15CBF53500BFB572 /* Build configuration list for PBXNativeTarget "DXFoundation" */;
			buildPhases = (
				AD8FF65A15CBF53500BFB572 /* Sources */,
				AD8FF65B15CBF53500BFB572 /* Frameworks */,
				AD8FF65C15CBF53500BFB572 /* CopyFiles */,
			);
			buildRules = (
			);
			dependencies = (
			);
			name = DXFoundation;
			productName = DXFoundation;
			productReference = AD8FF65E15CBF53500BFB572 /* libDXFoundation.a */;
			productType = "com.apple.product-type.library.static";
		};
		BCD1A03316AFDDEC0024FE21 /* KiwiUnitTest */ = {
			isa = PBXNativeTarget;
			buildConfigurationList = BCD1A04416AFDDEC0024FE21 /* Build configuration list for PBXNativeTarget "KiwiUnitTest" */;
			buildPhases = (
				BCD1A02F16AFDDEC0024FE21 /* Sources */,
				BCD1A03016AFDDEC0024FE21 /* Frameworks */,
				BCD1A03116AFDDEC0024FE21 /* Resources */,
				BCD1A03216AFDDEC0024FE21 /* ShellScript */,
				6864C961794C4CFBA80DC9BD /* Copy Pods Resources */,
			);
			buildRules = (
			);
			dependencies = (
			);
			name = KiwiUnitTest;
			productName = KiwiUnitTests;
			productReference = BCD1A03416AFDDEC0024FE21 /* KiwiUnitTest.octest */;
			productType = "com.apple.product-type.bundle";
		};
/* End PBXNativeTarget section */

/* Begin PBXProject section */
		AD8FF65515CBF53500BFB572 /* Project object */ = {
			isa = PBXProject;
			attributes = {
				LastUpgradeCheck = 0460;
				ORGANIZATIONNAME = 111Minutes;
			};
			buildConfigurationList = AD8FF65815CBF53500BFB572 /* Build configuration list for PBXProject "DXFoundation" */;
			compatibilityVersion = "Xcode 3.2";
			developmentRegion = English;
			hasScannedForEncodings = 0;
			knownRegions = (
				en,
			);
			mainGroup = AD8FF65315CBF53500BFB572;
			productRefGroup = AD8FF65F15CBF53500BFB572 /* Products */;
			projectDirPath = "";
			projectRoot = "";
			targets = (
				AD8FF65D15CBF53500BFB572 /* DXFoundation */,
				AD80969315CC1299004BE9EC /* Tests */,
				BCD1A03316AFDDEC0024FE21 /* KiwiUnitTest */,
			);
		};
/* End PBXProject section */

/* Begin PBXResourcesBuildPhase section */
		AD80969215CC1299004BE9EC /* Resources */ = {
			isa = PBXResourcesBuildPhase;
			buildActionMask = 2147483647;
			files = (
				AD8096A015CC1299004BE9EC /* InfoPlist.strings in Resources */,
			);
			runOnlyForDeploymentPostprocessing = 0;
		};
		BCD1A03116AFDDEC0024FE21 /* Resources */ = {
			isa = PBXResourcesBuildPhase;
			buildActionMask = 2147483647;
			files = (
				BCD1A03F16AFDDEC0024FE21 /* InfoPlist.strings in Resources */,
			);
			runOnlyForDeploymentPostprocessing = 0;
		};
/* End PBXResourcesBuildPhase section */

/* Begin PBXShellScriptBuildPhase section */
		3627ECDEE2FF438E9FE2FD01 /* Copy Pods Resources */ = {
			isa = PBXShellScriptBuildPhase;
			buildActionMask = 2147483647;
			files = (
			);
			inputPaths = (
			);
			name = "Copy Pods Resources";
			outputPaths = (
			);
			runOnlyForDeploymentPostprocessing = 0;
			shellPath = /bin/sh;
			shellScript = "\"${SRCROOT}/Pods/Pods-Tests-resources.sh\"\n";
		};
		6864C961794C4CFBA80DC9BD /* Copy Pods Resources */ = {
			isa = PBXShellScriptBuildPhase;
			buildActionMask = 2147483647;
			files = (
			);
			inputPaths = (
			);
			name = "Copy Pods Resources";
			outputPaths = (
			);
			runOnlyForDeploymentPostprocessing = 0;
			shellPath = /bin/sh;
			shellScript = "\"${SRCROOT}/Pods/Pods-KiwiUnitTest-resources.sh\"\n";
		};
		BCD1A03216AFDDEC0024FE21 /* ShellScript */ = {
			isa = PBXShellScriptBuildPhase;
			buildActionMask = 2147483647;
			files = (
			);
			inputPaths = (
			);
			outputPaths = (
			);
			runOnlyForDeploymentPostprocessing = 0;
			shellPath = /bin/sh;
			shellScript = "# Run the unit tests in this test bundle.\n\"${SYSTEM_DEVELOPER_DIR}/Tools/RunUnitTests\"\n";
		};
/* End PBXShellScriptBuildPhase section */

/* Begin PBXSourcesBuildPhase section */
		AD80969015CC1299004BE9EC /* Sources */ = {
			isa = PBXSourcesBuildPhase;
			buildActionMask = 2147483647;
			files = (
				AD8096A215CC1299004BE9EC /* main.m in Sources */,
				AD8096B615CC1318004BE9EC /* DXSingletonHolder.m in Sources */,
				AD8096B815CC131B004BE9EC /* NSObject+DXSingleton.m in Sources */,
				AD744F4015CD3D6F004B875B /* DXKVOHandler.m in Sources */,
				AD744F4415CD3D7B004B875B /* NSObject+DXKVO.m in Sources */,
				BC409D01170ED9D5002D6F63 /* DXFoundationDefines.m in Sources */,
			);
			runOnlyForDeploymentPostprocessing = 0;
		};
		AD8FF65A15CBF53500BFB572 /* Sources */ = {
			isa = PBXSourcesBuildPhase;
			buildActionMask = 2147483647;
			files = (
				AD8FF67815CBF5EB00BFB572 /* NSObject+DXSingleton.m in Sources */,
				AD8FF67B15CBF6DA00BFB572 /* DXSingletonHolder.m in Sources */,
				AD744F3F15CD3D6F004B875B /* DXKVOHandler.m in Sources */,
				AD744F4315CD3D7B004B875B /* NSObject+DXKVO.m in Sources */,
				BC54312016022A0900636164 /* DXDateFormatter.m in Sources */,
				BC54312416022E6600636164 /* DXNumberFormatter.m in Sources */,
				BCCE19C516031941003D3D7D /* DXCalendar.m in Sources */,
				BC58A96C162DB9EF0049DF7E /* DXFileManager.m in Sources */,
				BC409D00170ED9D5002D6F63 /* DXFoundationDefines.m in Sources */,
			);
			runOnlyForDeploymentPostprocessing = 0;
		};
		BCD1A02F16AFDDEC0024FE21 /* Sources */ = {
			isa = PBXSourcesBuildPhase;
			buildActionMask = 2147483647;
			files = (
				BCD1A04216AFDDEC0024FE21 /* KiwiUnitTests.m in Sources */,
				BCD1A04716AFDE400024FE21 /* DXDateFormatterSpec.mm in Sources */,
				BCD1A04816AFDE430024FE21 /* DXVKOSpec.mm in Sources */,
				BCD1A04916AFDE460024FE21 /* DXSingletoneSpec.mm in Sources */,
			);
			runOnlyForDeploymentPostprocessing = 0;
		};
/* End PBXSourcesBuildPhase section */

/* Begin PBXVariantGroup section */
		AD80969E15CC1299004BE9EC /* InfoPlist.strings */ = {
			isa = PBXVariantGroup;
			children = (
				AD80969F15CC1299004BE9EC /* en */,
			);
			name = InfoPlist.strings;
			sourceTree = "<group>";
		};
		BCD1A03D16AFDDEC0024FE21 /* InfoPlist.strings */ = {
			isa = PBXVariantGroup;
			children = (
				BCD1A03E16AFDDEC0024FE21 /* en */,
			);
			name = InfoPlist.strings;
			sourceTree = "<group>";
		};
/* End PBXVariantGroup section */

/* Begin XCBuildConfiguration section */
		AD8096A715CC1299004BE9EC /* Debug */ = {
			isa = XCBuildConfiguration;
			baseConfigurationReference = 392ADA2DA9C84CB2B1F3F58D /* Pods-Tests.xcconfig */;
			buildSettings = {
				"CODE_SIGN_IDENTITY[sdk=iphoneos*]" = "iPhone Developer";
				GCC_PRECOMPILE_PREFIX_HEADER = YES;
				GCC_PREFIX_HEADER = "Tests/Tests-Prefix.pch";
				INFOPLIST_FILE = "Tests/Tests-Info.plist";
				PRODUCT_NAME = "$(TARGET_NAME)";
				WRAPPER_EXTENSION = app;
			};
			name = Debug;
		};
		AD8096A815CC1299004BE9EC /* Release */ = {
			isa = XCBuildConfiguration;
			baseConfigurationReference = 392ADA2DA9C84CB2B1F3F58D /* Pods-Tests.xcconfig */;
			buildSettings = {
				"CODE_SIGN_IDENTITY[sdk=iphoneos*]" = "iPhone Developer";
				GCC_PRECOMPILE_PREFIX_HEADER = YES;
				GCC_PREFIX_HEADER = "Tests/Tests-Prefix.pch";
				INFOPLIST_FILE = "Tests/Tests-Info.plist";
				OTHER_CFLAGS = "-DNS_BLOCK_ASSERTIONS=1";
				PRODUCT_NAME = "$(TARGET_NAME)";
				WRAPPER_EXTENSION = app;
			};
			name = Release;
		};
		AD8FF66A15CBF53500BFB572 /* Debug */ = {
			isa = XCBuildConfiguration;
			buildSettings = {
				ALWAYS_SEARCH_USER_PATHS = NO;
				ARCHS = "$(ARCHS_STANDARD_32_BIT)";
				CLANG_CXX_LANGUAGE_STANDARD = "gnu++0x";
				CLANG_ENABLE_OBJC_ARC = YES;
				CLANG_WARN_CONSTANT_CONVERSION = YES;
				CLANG_WARN_ENUM_CONVERSION = YES;
				CLANG_WARN_INT_CONVERSION = YES;
				CLANG_WARN__DUPLICATE_METHOD_MATCH = YES;
				COPY_PHASE_STRIP = NO;
				GCC_C_LANGUAGE_STANDARD = gnu99;
				GCC_DYNAMIC_NO_PIC = NO;
				GCC_OPTIMIZATION_LEVEL = 0;
				GCC_PREPROCESSOR_DEFINITIONS = (
					"DEBUG=1",
					"$(inherited)",
				);
				GCC_SYMBOLS_PRIVATE_EXTERN = NO;
				GCC_VERSION = com.apple.compilers.llvm.clang.1_0;
				GCC_WARN_ABOUT_RETURN_TYPE = YES;
				GCC_WARN_UNINITIALIZED_AUTOS = YES;
				GCC_WARN_UNUSED_VARIABLE = YES;
				IPHONEOS_DEPLOYMENT_TARGET = 5.1;
				SDKROOT = iphoneos;
			};
			name = Debug;
		};
		AD8FF66B15CBF53500BFB572 /* Release */ = {
			isa = XCBuildConfiguration;
			buildSettings = {
				ALWAYS_SEARCH_USER_PATHS = NO;
				ARCHS = "$(ARCHS_STANDARD_32_BIT)";
				CLANG_CXX_LANGUAGE_STANDARD = "gnu++0x";
				CLANG_ENABLE_OBJC_ARC = YES;
				CLANG_WARN_CONSTANT_CONVERSION = YES;
				CLANG_WARN_ENUM_CONVERSION = YES;
				CLANG_WARN_INT_CONVERSION = YES;
				CLANG_WARN__DUPLICATE_METHOD_MATCH = YES;
				COPY_PHASE_STRIP = YES;
				GCC_C_LANGUAGE_STANDARD = gnu99;
				GCC_VERSION = com.apple.compilers.llvm.clang.1_0;
				GCC_WARN_ABOUT_RETURN_TYPE = YES;
				GCC_WARN_UNINITIALIZED_AUTOS = YES;
				GCC_WARN_UNUSED_VARIABLE = YES;
				IPHONEOS_DEPLOYMENT_TARGET = 5.1;
				SDKROOT = iphoneos;
				VALIDATE_PRODUCT = YES;
			};
			name = Release;
		};
		AD8FF66D15CBF53500BFB572 /* Debug */ = {
			isa = XCBuildConfiguration;
			buildSettings = {
				DSTROOT = /tmp/DXFoundation.dst;
				GCC_PRECOMPILE_PREFIX_HEADER = YES;
				GCC_PREFIX_HEADER = "DXFoundation/DXFoundation-Prefix.pch";
				OTHER_LDFLAGS = "-ObjC";
				PRODUCT_NAME = "$(TARGET_NAME)";
				SKIP_INSTALL = YES;
			};
			name = Debug;
		};
		AD8FF66E15CBF53500BFB572 /* Release */ = {
			isa = XCBuildConfiguration;
			buildSettings = {
				DSTROOT = /tmp/DXFoundation.dst;
				GCC_PRECOMPILE_PREFIX_HEADER = YES;
				GCC_PREFIX_HEADER = "DXFoundation/DXFoundation-Prefix.pch";
				OTHER_LDFLAGS = "-ObjC";
				PRODUCT_NAME = "$(TARGET_NAME)";
				SKIP_INSTALL = YES;
			};
			name = Release;
		};
		BCD1A04516AFDDEC0024FE21 /* Debug */ = {
			isa = XCBuildConfiguration;
			baseConfigurationReference = D184D0B83B904695B3D98009 /* Pods-KiwiUnitTest.xcconfig */;
			buildSettings = {
				CLANG_CXX_LIBRARY = "libc++";
				CLANG_WARN_EMPTY_BODY = YES;
				FRAMEWORK_SEARCH_PATHS = (
					"\"$(SDKROOT)/Developer/Library/Frameworks\"",
					"\"$(DEVELOPER_LIBRARY_DIR)/Frameworks\"",
				);
				GCC_PRECOMPILE_PREFIX_HEADER = YES;
				GCC_PREFIX_HEADER = "KiwiUnitTests/KiwiUnitTests-Prefix.pch";
				INFOPLIST_FILE = "KiwiUnitTests/KiwiUnitTests-Info.plist";
				IPHONEOS_DEPLOYMENT_TARGET = 6.0;
				ONLY_ACTIVE_ARCH = YES;
				PRODUCT_NAME = "$(TARGET_NAME)";
				WRAPPER_EXTENSION = octest;
			};
			name = Debug;
		};
		BCD1A04616AFDDEC0024FE21 /* Release */ = {
			isa = XCBuildConfiguration;
			baseConfigurationReference = D184D0B83B904695B3D98009 /* Pods-KiwiUnitTest.xcconfig */;
			buildSettings = {
				CLANG_CXX_LIBRARY = "libc++";
				CLANG_WARN_EMPTY_BODY = YES;
				FRAMEWORK_SEARCH_PATHS = (
					"\"$(SDKROOT)/Developer/Library/Frameworks\"",
					"\"$(DEVELOPER_LIBRARY_DIR)/Frameworks\"",
				);
				GCC_PRECOMPILE_PREFIX_HEADER = YES;
				GCC_PREFIX_HEADER = "KiwiUnitTests/KiwiUnitTests-Prefix.pch";
				INFOPLIST_FILE = "KiwiUnitTests/KiwiUnitTests-Info.plist";
				IPHONEOS_DEPLOYMENT_TARGET = 6.0;
				PRODUCT_NAME = "$(TARGET_NAME)";
				WRAPPER_EXTENSION = octest;
			};
			name = Release;
		};
/* End XCBuildConfiguration section */

/* Begin XCConfigurationList section */
		AD8096A915CC1299004BE9EC /* Build configuration list for PBXNativeTarget "Tests" */ = {
			isa = XCConfigurationList;
			buildConfigurations = (
				AD8096A715CC1299004BE9EC /* Debug */,
				AD8096A815CC1299004BE9EC /* Release */,
			);
			defaultConfigurationIsVisible = 0;
			defaultConfigurationName = Release;
		};
		AD8FF65815CBF53500BFB572 /* Build configuration list for PBXProject "DXFoundation" */ = {
			isa = XCConfigurationList;
			buildConfigurations = (
				AD8FF66A15CBF53500BFB572 /* Debug */,
				AD8FF66B15CBF53500BFB572 /* Release */,
			);
			defaultConfigurationIsVisible = 0;
			defaultConfigurationName = Release;
		};
		AD8FF66C15CBF53500BFB572 /* Build configuration list for PBXNativeTarget "DXFoundation" */ = {
			isa = XCConfigurationList;
			buildConfigurations = (
				AD8FF66D15CBF53500BFB572 /* Debug */,
				AD8FF66E15CBF53500BFB572 /* Release */,
			);
			defaultConfigurationIsVisible = 0;
			defaultConfigurationName = Release;
		};
		BCD1A04416AFDDEC0024FE21 /* Build configuration list for PBXNativeTarget "KiwiUnitTest" */ = {
			isa = XCConfigurationList;
			buildConfigurations = (
				BCD1A04516AFDDEC0024FE21 /* Debug */,
				BCD1A04616AFDDEC0024FE21 /* Release */,
			);
			defaultConfigurationIsVisible = 0;
			defaultConfigurationName = Release;
		};
/* End XCConfigurationList section */
	};
	rootObject = AD8FF65515CBF53500BFB572 /* Project object */;
}
